
Microsoft Visual Studio Solution File, Format Version 12.00
# Visual Studio 2012
Project("{FAE04EC0-301F-11D3-BF4B-00C04F79EFBC}") = "ATM模拟", "ATM模拟\ATM模拟\ATM模拟.csproj", "{18F9C272-AB07-4143-B72F-112650C4CFD1}"
EndProject
Project("{2150E333-8FDC-42A3-9474-1A3956D46DE8}") = "单元测试_NUnit", "单元测试_NUnit", "{F56C86BB-F894-4A7A-BA1B-EE60CADA1C92}"
EndProject
Project("{FAE04EC0-301F-11D3-BF4B-00C04F79EFBC}") = "单元测试_两数相加", "单元测试_两数相加\单元测试_两数相加.csproj", "{181E1A31-4139-47EE-8683-3456BA0589AB}"
EndProject
Project("{FAE04EC0-301F-11D3-BF4B-00C04F79EFBC}") = "单元测试_Caculator", "单元测试_Caculator\单元测试_Caculator.csproj", "{3737D5D8-9E12-4ED2-AF49-900F4A2EB44C}"
EndProject
Project("{FAE04EC0-301F-11D3-BF4B-00C04F79EFBC}") = "单元测试_寻找最大数", "单元测试_寻找最大数\单元测试_寻找最大数.csproj", "{F15B7064-2B93-48E5-868A-06CB25BFC872}"
EndProject
Project("{2150E333-8FDC-42A3-9474-1A3956D46DE8}") = "集成测试", "集成测试", "{2D35133C-F286-4331-BFC5-3C736C87B4E1}"
EndProject
Project("{FAE04EC0-301F-11D3-BF4B-00C04F79EFBC}") = "集成测试_SATM", "集成测试_SATM\集成测试_SATM.csproj", "{0EB083A0-726C-436B-8198-B5AF50C2933D}"
EndProject
Project("{FAE04EC0-301F-11D3-BF4B-00C04F79EFBC}") = "单元测试_数据库连接", "单元测试_数据库连接\单元测试_数据库连接.csproj", "{30E1F250-6320-4756-AFFC-8B3F17D1A54F}"
EndProject
Project("{FAE04EC0-301F-11D3-BF4B-00C04F79EFBC}") = "单元测试_测试驱动开发（IntegerList）_演示", "单元测试_测试驱动开发（IntegerList）_演示\单元测试_测试驱动开发（IntegerList）_演示.csproj", "{1B0D35E5-A7A9-4411-BC28-842C66BE48AE}"
EndProject
Project("{FAE04EC0-301F-11D3-BF4B-00C04F79EFBC}") = "单元测试_测试驱动开发（Money类）_演示", "单元测试_测试驱动开发（Money类）_演示\单元测试_测试驱动开发（Money类）_演示.csproj", "{7F0D17D0-7F71-4594-81B3-E14D2B36312F}"
EndProject
Global
	GlobalSection(SolutionConfigurationPlatforms) = preSolution
		Debug|Any CPU = Debug|Any CPU
		Release|Any CPU = Release|Any CPU
	EndGlobalSection
	GlobalSection(ProjectConfigurationPlatforms) = postSolution
		{18F9C272-AB07-4143-B72F-112650C4CFD1}.Debug|Any CPU.ActiveCfg = Debug|Any CPU
		{18F9C272-AB07-4143-B72F-112650C4CFD1}.Debug|Any CPU.Build.0 = Debug|Any CPU
		{18F9C272-AB07-4143-B72F-112650C4CFD1}.Release|Any CPU.ActiveCfg = Release|Any CPU
		{18F9C272-AB07-4143-B72F-112650C4CFD1}.Release|Any CPU.Build.0 = Release|Any CPU
		{181E1A31-4139-47EE-8683-3456BA0589AB}.Debug|Any CPU.ActiveCfg = Debug|Any CPU
		{181E1A31-4139-47EE-8683-3456BA0589AB}.Debug|Any CPU.Build.0 = Debug|Any CPU
		{181E1A31-4139-47EE-8683-3456BA0589AB}.Release|Any CPU.ActiveCfg = Release|Any CPU
		{181E1A31-4139-47EE-8683-3456BA0589AB}.Release|Any CPU.Build.0 = Release|Any CPU
		{3737D5D8-9E12-4ED2-AF49-900F4A2EB44C}.Debug|Any CPU.ActiveCfg = Debug|Any CPU
		{3737D5D8-9E12-4ED2-AF49-900F4A2EB44C}.Debug|Any CPU.Build.0 = Debug|Any CPU
		{3737D5D8-9E12-4ED2-AF49-900F4A2EB44C}.Release|Any CPU.ActiveCfg = Release|Any CPU
		{3737D5D8-9E12-4ED2-AF49-900F4A2EB44C}.Release|Any CPU.Build.0 = Release|Any CPU
		{F15B7064-2B93-48E5-868A-06CB25BFC872}.Debug|Any CPU.ActiveCfg = Debug|Any CPU
		{F15B7064-2B93-48E5-868A-06CB25BFC872}.Debug|Any CPU.Build.0 = Debug|Any CPU
		{F15B7064-2B93-48E5-868A-06CB25BFC872}.Release|Any CPU.ActiveCfg = Release|Any CPU
		{F15B7064-2B93-48E5-868A-06CB25BFC872}.Release|Any CPU.Build.0 = Release|Any CPU
		{0EB083A0-726C-436B-8198-B5AF50C2933D}.Debug|Any CPU.ActiveCfg = Debug|Any CPU
		{0EB083A0-726C-436B-8198-B5AF50C2933D}.Debug|Any CPU.Build.0 = Debug|Any CPU
		{0EB083A0-726C-436B-8198-B5AF50C2933D}.Release|Any CPU.ActiveCfg = Release|Any CPU
		{0EB083A0-726C-436B-8198-B5AF50C2933D}.Release|Any CPU.Build.0 = Release|Any CPU
		{30E1F250-6320-4756-AFFC-8B3F17D1A54F}.Debug|Any CPU.ActiveCfg = Debug|Any CPU
		{30E1F250-6320-4756-AFFC-8B3F17D1A54F}.Debug|Any CPU.Build.0 = Debug|Any CPU
		{30E1F250-6320-4756-AFFC-8B3F17D1A54F}.Release|Any CPU.ActiveCfg = Release|Any CPU
		{30E1F250-6320-4756-AFFC-8B3F17D1A54F}.Release|Any CPU.Build.0 = Release|Any CPU
		{1B0D35E5-A7A9-4411-BC28-842C66BE48AE}.Debug|Any CPU.ActiveCfg = Debug|Any CPU
		{1B0D35E5-A7A9-4411-BC28-842C66BE48AE}.Debug|Any CPU.Build.0 = Debug|Any CPU
		{1B0D35E5-A7A9-4411-BC28-842C66BE48AE}.Release|Any CPU.ActiveCfg = Release|Any CPU
		{1B0D35E5-A7A9-4411-BC28-842C66BE48AE}.Release|Any CPU.Build.0 = Release|Any CPU
		{7F0D17D0-7F71-4594-81B3-E14D2B36312F}.Debug|Any CPU.ActiveCfg = Debug|Any CPU
		{7F0D17D0-7F71-4594-81B3-E14D2B36312F}.Debug|Any CPU.Build.0 = Debug|Any CPU
		{7F0D17D0-7F71-4594-81B3-E14D2B36312F}.Release|Any CPU.ActiveCfg = Release|Any CPU
		{7F0D17D0-7F71-4594-81B3-E14D2B36312F}.Release|Any CPU.Build.0 = Release|Any CPU
	EndGlobalSection
	GlobalSection(SolutionProperties) = preSolution
		HideSolutionNode = FALSE
	EndGlobalSection
	GlobalSection(NestedProjects) = preSolution
		{181E1A31-4139-47EE-8683-3456BA0589AB} = {F56C86BB-F894-4A7A-BA1B-EE60CADA1C92}
		{3737D5D8-9E12-4ED2-AF49-900F4A2EB44C} = {F56C86BB-F894-4A7A-BA1B-EE60CADA1C92}
		{F15B7064-2B93-48E5-868A-06CB25BFC872} = {F56C86BB-F894-4A7A-BA1B-EE60CADA1C92}
		{30E1F250-6320-4756-AFFC-8B3F17D1A54F} = {F56C86BB-F894-4A7A-BA1B-EE60CADA1C92}
		{1B0D35E5-A7A9-4411-BC28-842C66BE48AE} = {F56C86BB-F894-4A7A-BA1B-EE60CADA1C92}
		{7F0D17D0-7F71-4594-81B3-E14D2B36312F} = {F56C86BB-F894-4A7A-BA1B-EE60CADA1C92}
		{0EB083A0-726C-436B-8198-B5AF50C2933D} = {2D35133C-F286-4331-BFC5-3C736C87B4E1}
	EndGlobalSection
EndGlobal
